
Microsoft Visual Studio Solution File, Format Version 12.00
# Visual Studio 2012
Project("{FAE04EC0-301F-11D3-BF4B-00C04F79EFBC}") = "HSVRange", "HSVRange\HSVRange.csproj", "{C2C66083-918B-4CE1-88D6-D023744FFE60}"
EndProject
Project("{FAE04EC0-301F-11D3-BF4B-00C04F79EFBC}") = "HSVRange.iOS", "iOS\HSVRange.iOS.csproj", "{64EDD417-71E3-45F1-92AB-521847278A9C}"
EndProject
Project("{FAE04EC0-301F-11D3-BF4B-00C04F79EFBC}") = "HSVRange.Droid", "Droid\HSVRange.Droid.csproj", "{EC2C34B2-E974-4F7F-A823-EE5F8FE663EB}"
EndProject
Project("{FAE04EC0-301F-11D3-BF4B-00C04F79EFBC}") = "HSVRange.Mac", "HSVRange.Mac\HSVRange.Mac.csproj", "{32FA1B50-FE0F-4FCA-BD43-E4F8307BDFD1}"
EndProject
Global
	GlobalSection(SolutionConfigurationPlatforms) = preSolution
		Debug|Any CPU = Debug|Any CPU
		Release|Any CPU = Release|Any CPU
		Debug|iPhoneSimulator = Debug|iPhoneSimulator
		Release|iPhone = Release|iPhone
		Release|iPhoneSimulator = Release|iPhoneSimulator
		Debug|iPhone = Debug|iPhone
	EndGlobalSection
	GlobalSection(ProjectConfigurationPlatforms) = postSolution
		{C2C66083-918B-4CE1-88D6-D023744FFE60}.Debug|Any CPU.ActiveCfg = Debug|Any CPU
		{C2C66083-918B-4CE1-88D6-D023744FFE60}.Debug|Any CPU.Build.0 = Debug|Any CPU
		{C2C66083-918B-4CE1-88D6-D023744FFE60}.Release|Any CPU.ActiveCfg = Release|Any CPU
		{C2C66083-918B-4CE1-88D6-D023744FFE60}.Release|Any CPU.Build.0 = Release|Any CPU
		{C2C66083-918B-4CE1-88D6-D023744FFE60}.Debug|iPhoneSimulator.ActiveCfg = Debug|Any CPU
		{C2C66083-918B-4CE1-88D6-D023744FFE60}.Debug|iPhoneSimulator.Build.0 = Debug|Any CPU
		{C2C66083-918B-4CE1-88D6-D023744FFE60}.Release|iPhone.ActiveCfg = Release|Any CPU
		{C2C66083-918B-4CE1-88D6-D023744FFE60}.Release|iPhone.Build.0 = Release|Any CPU
		{C2C66083-918B-4CE1-88D6-D023744FFE60}.Release|iPhoneSimulator.ActiveCfg = Release|Any CPU
		{C2C66083-918B-4CE1-88D6-D023744FFE60}.Release|iPhoneSimulator.Build.0 = Release|Any CPU
		{C2C66083-918B-4CE1-88D6-D023744FFE60}.Debug|iPhone.ActiveCfg = Debug|Any CPU
		{C2C66083-918B-4CE1-88D6-D023744FFE60}.Debug|iPhone.Build.0 = Debug|Any CPU
		{64EDD417-71E3-45F1-92AB-521847278A9C}.Debug|Any CPU.ActiveCfg = Debug|iPhoneSimulator
		{64EDD417-71E3-45F1-92AB-521847278A9C}.Debug|Any CPU.Build.0 = Debug|iPhoneSimulator
		{64EDD417-71E3-45F1-92AB-521847278A9C}.Release|Any CPU.ActiveCfg = Release|iPhone
		{64EDD417-71E3-45F1-92AB-521847278A9C}.Release|Any CPU.Build.0 = Release|iPhone
		{64EDD417-71E3-45F1-92AB-521847278A9C}.Debug|iPhoneSimulator.ActiveCfg = Debug|iPhoneSimulator
		{64EDD417-71E3-45F1-92AB-521847278A9C}.Debug|iPhoneSimulator.Build.0 = Debug|iPhoneSimulator
		{64EDD417-71E3-45F1-92AB-521847278A9C}.Release|iPhone.ActiveCfg = Release|iPhone
		{64EDD417-71E3-45F1-92AB-521847278A9C}.Release|iPhone.Build.0 = Release|iPhone
		{64EDD417-71E3-45F1-92AB-521847278A9C}.Release|iPhoneSimulator.ActiveCfg = Release|iPhoneSimulator
		{64EDD417-71E3-45F1-92AB-521847278A9C}.Release|iPhoneSimulator.Build.0 = Release|iPhoneSimulator
		{64EDD417-71E3-45F1-92AB-521847278A9C}.Debug|iPhone.ActiveCfg = Debug|iPhone
		{64EDD417-71E3-45F1-92AB-521847278A9C}.Debug|iPhone.Build.0 = Debug|iPhone
		{EC2C34B2-E974-4F7F-A823-EE5F8FE663EB}.Debug|Any CPU.ActiveCfg = Debug|Any CPU
		{EC2C34B2-E974-4F7F-A823-EE5F8FE663EB}.Debug|Any CPU.Build.0 = Debug|Any CPU
		{EC2C34B2-E974-4F7F-A823-EE5F8FE663EB}.Release|Any CPU.ActiveCfg = Release|Any CPU
		{EC2C34B2-E974-4F7F-A823-EE5F8FE663EB}.Release|Any CPU.Build.0 = Release|Any CPU
		{EC2C34B2-E974-4F7F-A823-EE5F8FE663EB}.Debug|iPhoneSimulator.ActiveCfg = Debug|Any CPU
		{EC2C34B2-E974-4F7F-A823-EE5F8FE663EB}.Debug|iPhoneSimulator.Build.0 = Debug|Any CPU
		{EC2C34B2-E974-4F7F-A823-EE5F8FE663EB}.Release|iPhone.ActiveCfg = Release|Any CPU
		{EC2C34B2-E974-4F7F-A823-EE5F8FE663EB}.Release|iPhone.Build.0 = Release|Any CPU
		{EC2C34B2-E974-4F7F-A823-EE5F8FE663EB}.Release|iPhoneSimulator.ActiveCfg = Release|Any CPU
		{EC2C34B2-E974-4F7F-A823-EE5F8FE663EB}.Release|iPhoneSimulator.Build.0 = Release|Any CPU
		{EC2C34B2-E974-4F7F-A823-EE5F8FE663EB}.Debug|iPhone.ActiveCfg = Debug|Any CPU
		{EC2C34B2-E974-4F7F-A823-EE5F8FE663EB}.Debug|iPhone.Build.0 = Debug|Any CPU
		{32FA1B50-FE0F-4FCA-BD43-E4F8307BDFD1}.Debug|Any CPU.ActiveCfg = Debug|Any CPU
		{32FA1B50-FE0F-4FCA-BD43-E4F8307BDFD1}.Debug|Any CPU.Build.0 = Debug|Any CPU
		{32FA1B50-FE0F-4FCA-BD43-E4F8307BDFD1}.Release|Any CPU.ActiveCfg = Release|Any CPU
		{32FA1B50-FE0F-4FCA-BD43-E4F8307BDFD1}.Release|Any CPU.Build.0 = Release|Any CPU
		{32FA1B50-FE0F-4FCA-BD43-E4F8307BDFD1}.Debug|iPhoneSimulator.ActiveCfg = Debug|Any CPU
		{32FA1B50-FE0F-4FCA-BD43-E4F8307BDFD1}.Debug|iPhoneSimulator.Build.0 = Debug|Any CPU
		{32FA1B50-FE0F-4FCA-BD43-E4F8307BDFD1}.Release|iPhone.ActiveCfg = Release|Any CPU
		{32FA1B50-FE0F-4FCA-BD43-E4F8307BDFD1}.Release|iPhone.Build.0 = Release|Any CPU
		{32FA1B50-FE0F-4FCA-BD43-E4F8307BDFD1}.Release|iPhoneSimulator.ActiveCfg = Release|Any CPU
		{32FA1B50-FE0F-4FCA-BD43-E4F8307BDFD1}.Release|iPhoneSimulator.Build.0 = Release|Any CPU
		{32FA1B50-FE0F-4FCA-BD43-E4F8307BDFD1}.Debug|iPhone.ActiveCfg = Debug|Any CPU
		{32FA1B50-FE0F-4FCA-BD43-E4F8307BDFD1}.Debug|iPhone.Build.0 = Debug|Any CPU
	EndGlobalSection
	GlobalSection(MonoDevelopProperties) = preSolution
		Policies = $0
		$0.TextStylePolicy = $1
		$1.TabsToSpaces = True
		$1.scope = text/x-csharp
		$0.CSharpFormattingPolicy = $2
		$2.scope = text/x-csharp
	EndGlobalSection
EndGlobal
